// !$*UTF8*$!
{
	archiveVersion = 1;
	classes = {
	};
	objectVersion = 50;
	objects = {

/* Begin PBXBuildFile section */
		370051F420CB345300B1FEFF /* MapViewController.m in Sources */ = {isa = PBXBuildFile; fileRef = 370051F320CB345300B1FEFF /* MapViewController.m */; };
		370051FE20CC6DB900B1FEFF /* LocationMonitoringService.m in Sources */ = {isa = PBXBuildFile; fileRef = 370051FD20CC6DB900B1FEFF /* LocationMonitoringService.m */; };
		3700520320CCAC6E00B1FEFF /* JourneysTVC.m in Sources */ = {isa = PBXBuildFile; fileRef = 3700520120CCAC6E00B1FEFF /* JourneysTVC.m */; };
		37AA69E720CD57A4002B81A8 /* TrackingModel.xcdatamodeld in Sources */ = {isa = PBXBuildFile; fileRef = 37AA69E520CD57A4002B81A8 /* TrackingModel.xcdatamodeld */; };
		37AA6A2020CD6274002B81A8 /* DataManager.m in Sources */ = {isa = PBXBuildFile; fileRef = 37AA6A1F20CD6274002B81A8 /* DataManager.m */; };
		37C8246920CF0B8300842E2A /* Location+CoreDataClass.m in Sources */ = {isa = PBXBuildFile; fileRef = 37C8246520CF0B8300842E2A /* Location+CoreDataClass.m */; };
		37C8246A20CF0B8300842E2A /* Location+CoreDataProperties.m in Sources */ = {isa = PBXBuildFile; fileRef = 37C8246620CF0B8300842E2A /* Location+CoreDataProperties.m */; };
		37C8246F20CF0BF700842E2A /* Journey+CoreDataClass.m in Sources */ = {isa = PBXBuildFile; fileRef = 37C8246D20CF0BF700842E2A /* Journey+CoreDataClass.m */; };
		37C8247020CF0BF700842E2A /* Journey+CoreDataProperties.m in Sources */ = {isa = PBXBuildFile; fileRef = 37C8246E20CF0BF700842E2A /* Journey+CoreDataProperties.m */; };
		37CD582C20D03808005E3C11 /* JourneyViewCell.m in Sources */ = {isa = PBXBuildFile; fileRef = 37CD582B20D03808005E3C11 /* JourneyViewCell.m */; };
		37D623F220CA70820083CA3D /* AppDelegate.m in Sources */ = {isa = PBXBuildFile; fileRef = 37D623F120CA70820083CA3D /* AppDelegate.m */; };
		37D623F820CA70830083CA3D /* Main.storyboard in Resources */ = {isa = PBXBuildFile; fileRef = 37D623F620CA70830083CA3D /* Main.storyboard */; };
		37D623FD20CA70860083CA3D /* Assets.xcassets in Resources */ = {isa = PBXBuildFile; fileRef = 37D623FC20CA70860083CA3D /* Assets.xcassets */; };
		37D6240020CA70860083CA3D /* LaunchScreen.storyboard in Resources */ = {isa = PBXBuildFile; fileRef = 37D623FE20CA70860083CA3D /* LaunchScreen.storyboard */; };
		37D6240320CA70860083CA3D /* main.m in Sources */ = {isa = PBXBuildFile; fileRef = 37D6240220CA70860083CA3D /* main.m */; };
		37D6241A20CAAA440083CA3D /* MapKit.framework in Frameworks */ = {isa = PBXBuildFile; fileRef = 37D6241920CAAA440083CA3D /* MapKit.framework */; };
/* End PBXBuildFile section */

/* Begin PBXFileReference section */
		370051F320CB345300B1FEFF /* MapViewController.m */ = {isa = PBXFileReference; fileEncoding = 4; lastKnownFileType = sourcecode.c.objc; path = MapViewController.m; sourceTree = "<group>"; };
		370051FC20CC6DB900B1FEFF /* LocationMonitoringService.h */ = {isa = PBXFileReference; fileEncoding = 4; lastKnownFileType = sourcecode.c.h; path = LocationMonitoringService.h; sourceTree = "<group>"; };
		370051FD20CC6DB900B1FEFF /* LocationMonitoringService.m */ = {isa = PBXFileReference; fileEncoding = 4; lastKnownFileType = sourcecode.c.objc; path = LocationMonitoringService.m; sourceTree = "<group>"; };
		3700520020CCAC6E00B1FEFF /* JourneysTVC.h */ = {isa = PBXFileReference; lastKnownFileType = sourcecode.c.h; path = JourneysTVC.h; sourceTree = "<group>"; };
		3700520120CCAC6E00B1FEFF /* JourneysTVC.m */ = {isa = PBXFileReference; lastKnownFileType = sourcecode.c.objc; path = JourneysTVC.m; sourceTree = "<group>"; };
		37AA69E620CD57A4002B81A8 /* TrackingModel.xcdatamodel */ = {isa = PBXFileReference; lastKnownFileType = wrapper.xcdatamodel; path = TrackingModel.xcdatamodel; sourceTree = "<group>"; };
		37AA6A1E20CD6274002B81A8 /* DataManager.h */ = {isa = PBXFileReference; lastKnownFileType = sourcecode.c.h; path = DataManager.h; sourceTree = "<group>"; };
		37AA6A1F20CD6274002B81A8 /* DataManager.m */ = {isa = PBXFileReference; lastKnownFileType = sourcecode.c.objc; path = DataManager.m; sourceTree = "<group>"; };
		37C8246320CF0B8300842E2A /* Location+CoreDataProperties.h */ = {isa = PBXFileReference; lastKnownFileType = sourcecode.c.h; path = "Location+CoreDataProperties.h"; sourceTree = "<group>"; };
		37C8246420CF0B8300842E2A /* Location+CoreDataClass.h */ = {isa = PBXFileReference; lastKnownFileType = sourcecode.c.h; path = "Location+CoreDataClass.h"; sourceTree = "<group>"; };
		37C8246520CF0B8300842E2A /* Location+CoreDataClass.m */ = {isa = PBXFileReference; lastKnownFileType = sourcecode.c.objc; path = "Location+CoreDataClass.m"; sourceTree = "<group>"; };
		37C8246620CF0B8300842E2A /* Location+CoreDataProperties.m */ = {isa = PBXFileReference; lastKnownFileType = sourcecode.c.objc; path = "Location+CoreDataProperties.m"; sourceTree = "<group>"; };
		37C8246B20CF0BF700842E2A /* Journey+CoreDataProperties.h */ = {isa = PBXFileReference; lastKnownFileType = sourcecode.c.h; path = "Journey+CoreDataProperties.h"; sourceTree = "<group>"; };
		37C8246C20CF0BF700842E2A /* Journey+CoreDataClass.h */ = {isa = PBXFileReference; lastKnownFileType = sourcecode.c.h; path = "Journey+CoreDataClass.h"; sourceTree = "<group>"; };
		37C8246D20CF0BF700842E2A /* Journey+CoreDataClass.m */ = {isa = PBXFileReference; lastKnownFileType = sourcecode.c.objc; path = "Journey+CoreDataClass.m"; sourceTree = "<group>"; };
		37C8246E20CF0BF700842E2A /* Journey+CoreDataProperties.m */ = {isa = PBXFileReference; lastKnownFileType = sourcecode.c.objc; path = "Journey+CoreDataProperties.m"; sourceTree = "<group>"; };
		37CD582A20D03808005E3C11 /* JourneyViewCell.h */ = {isa = PBXFileReference; lastKnownFileType = sourcecode.c.h; path = JourneyViewCell.h; sourceTree = "<group>"; };
		37CD582B20D03808005E3C11 /* JourneyViewCell.m */ = {isa = PBXFileReference; lastKnownFileType = sourcecode.c.objc; path = JourneyViewCell.m; sourceTree = "<group>"; };
		37D623ED20CA70820083CA3D /* TrackingApp.app */ = {isa = PBXFileReference; explicitFileType = wrapper.application; includeInIndex = 0; path = TrackingApp.app; sourceTree = BUILT_PRODUCTS_DIR; };
		37D623F020CA70820083CA3D /* AppDelegate.h */ = {isa = PBXFileReference; lastKnownFileType = sourcecode.c.h; path = AppDelegate.h; sourceTree = "<group>"; };
		37D623F120CA70820083CA3D /* AppDelegate.m */ = {isa = PBXFileReference; lastKnownFileType = sourcecode.c.objc; path = AppDelegate.m; sourceTree = "<group>"; };
		37D623F320CA70820083CA3D /* MapViewController.h */ = {isa = PBXFileReference; lastKnownFileType = sourcecode.c.h; path = MapViewController.h; sourceTree = "<group>"; };
		37D623F720CA70830083CA3D /* Base */ = {isa = PBXFileReference; lastKnownFileType = file.storyboard; name = Base; path = Base.lproj/Main.storyboard; sourceTree = "<group>"; };
		37D623FC20CA70860083CA3D /* Assets.xcassets */ = {isa = PBXFileReference; lastKnownFileType = folder.assetcatalog; path = Assets.xcassets; sourceTree = "<group>"; };
		37D623FF20CA70860083CA3D /* Base */ = {isa = PBXFileReference; lastKnownFileType = file.storyboard; name = Base; path = Base.lproj/LaunchScreen.storyboard; sourceTree = "<group>"; };
		37D6240120CA70860083CA3D /* Info.plist */ = {isa = PBXFileReference; lastKnownFileType = text.plist.xml; path = Info.plist; sourceTree = "<group>"; };
		37D6240220CA70860083CA3D /* main.m */ = {isa = PBXFileReference; lastKnownFileType = sourcecode.c.objc; path = main.m; sourceTree = "<group>"; };
		37D6241920CAAA440083CA3D /* MapKit.framework */ = {isa = PBXFileReference; lastKnownFileType = wrapper.framework; name = MapKit.framework; path = System/Library/Frameworks/MapKit.framework; sourceTree = SDKROOT; };
/* End PBXFileReference section */

/* Begin PBXFrameworksBuildPhase section */
		37D623EA20CA70820083CA3D /* Frameworks */ = {
			isa = PBXFrameworksBuildPhase;
			buildActionMask = 2147483647;
			files = (
				37D6241A20CAAA440083CA3D /* MapKit.framework in Frameworks */,
			);
			runOnlyForDeploymentPostprocessing = 0;
		};
/* End PBXFrameworksBuildPhase section */

/* Begin PBXGroup section */
		370051F520CB345A00B1FEFF /* ViewControllers */ = {
			isa = PBXGroup;
			children = (
				370051FF20CCAC5300B1FEFF /* JourneysTVC */,
				37D623F320CA70820083CA3D /* MapViewController.h */,
				370051F320CB345300B1FEFF /* MapViewController.m */,
			);
			path = ViewControllers;
			sourceTree = "<group>";
		};
		370051F620CB34B300B1FEFF /* Services */ = {
			isa = PBXGroup;
			children = (
				370051FB20CC6DB900B1FEFF /* LocationMonitoringService */,
			);
			path = Services;
			sourceTree = "<group>";
		};
		370051FB20CC6DB900B1FEFF /* LocationMonitoringService */ = {
			isa = PBXGroup;
			children = (
				370051FC20CC6DB900B1FEFF /* LocationMonitoringService.h */,
				370051FD20CC6DB900B1FEFF /* LocationMonitoringService.m */,
			);
			path = LocationMonitoringService;
			sourceTree = "<group>";
		};
		370051FF20CCAC5300B1FEFF /* JourneysTVC */ = {
			isa = PBXGroup;
			children = (
				37CD582920D0374C005E3C11 /* JourneyViewCell */,
				3700520020CCAC6E00B1FEFF /* JourneysTVC.h */,
				3700520120CCAC6E00B1FEFF /* JourneysTVC.m */,
			);
			path = JourneysTVC;
			sourceTree = "<group>";
		};
		37AA69E420CD5737002B81A8 /* Journey */ = {
			isa = PBXGroup;
			children = (
				37C8246B20CF0BF700842E2A /* Journey+CoreDataProperties.h */,
				37C8246C20CF0BF700842E2A /* Journey+CoreDataClass.h */,
				37C8246D20CF0BF700842E2A /* Journey+CoreDataClass.m */,
				37C8246E20CF0BF700842E2A /* Journey+CoreDataProperties.m */,
			);
			path = Journey;
			sourceTree = "<group>";
		};
		37AA69EE20CD590A002B81A8 /* Location */ = {
			isa = PBXGroup;
			children = (
				37C8246320CF0B8300842E2A /* Location+CoreDataProperties.h */,
				37C8246420CF0B8300842E2A /* Location+CoreDataClass.h */,
				37C8246520CF0B8300842E2A /* Location+CoreDataClass.m */,
				37C8246620CF0B8300842E2A /* Location+CoreDataProperties.m */,
			);
			path = Location;
			sourceTree = "<group>";
		};
		37AA6A1C20CD61DA002B81A8 /* Managers */ = {
			isa = PBXGroup;
			children = (
				37AA6A1D20CD61E5002B81A8 /* DataManager */,
			);
			path = Managers;
			sourceTree = "<group>";
		};
		37AA6A1D20CD61E5002B81A8 /* DataManager */ = {
			isa = PBXGroup;
			children = (
				37AA6A1E20CD6274002B81A8 /* DataManager.h */,
				37AA6A1F20CD6274002B81A8 /* DataManager.m */,
			);
			path = DataManager;
			sourceTree = "<group>";
		};
		37CD582920D0374C005E3C11 /* JourneyViewCell */ = {
			isa = PBXGroup;
			children = (
				37CD582A20D03808005E3C11 /* JourneyViewCell.h */,
				37CD582B20D03808005E3C11 /* JourneyViewCell.m */,
			);
			path = JourneyViewCell;
			sourceTree = "<group>";
		};
		37D623E420CA70820083CA3D = {
			isa = PBXGroup;
			children = (
				37D623EF20CA70820083CA3D /* TrackingApp */,
				37D623EE20CA70820083CA3D /* Products */,
				37D6241820CAAA430083CA3D /* Frameworks */,
			);
			sourceTree = "<group>";
		};
		37D623EE20CA70820083CA3D /* Products */ = {
			isa = PBXGroup;
			children = (
				37D623ED20CA70820083CA3D /* TrackingApp.app */,
			);
			name = Products;
			sourceTree = "<group>";
		};
		37D623EF20CA70820083CA3D /* TrackingApp */ = {
			isa = PBXGroup;
			children = (
				370051F620CB34B300B1FEFF /* Services */,
				370051F520CB345A00B1FEFF /* ViewControllers */,
				37D6241620CAA9660083CA3D /* Data */,
				37D623F020CA70820083CA3D /* AppDelegate.h */,
				37D623F120CA70820083CA3D /* AppDelegate.m */,
				37D623F620CA70830083CA3D /* Main.storyboard */,
				37D623FC20CA70860083CA3D /* Assets.xcassets */,
				37D623FE20CA70860083CA3D /* LaunchScreen.storyboard */,
				37D6240120CA70860083CA3D /* Info.plist */,
				37D6240220CA70860083CA3D /* main.m */,
			);
			path = TrackingApp;
			sourceTree = "<group>";
		};
		37D6241620CAA9660083CA3D /* Data */ = {
			isa = PBXGroup;
			children = (
				37AA6A1C20CD61DA002B81A8 /* Managers */,
				37D6241720CAA9700083CA3D /* Models */,
			);
			path = Data;
			sourceTree = "<group>";
		};
		37D6241720CAA9700083CA3D /* Models */ = {
			isa = PBXGroup;
			children = (
				37AA69EE20CD590A002B81A8 /* Location */,
				37AA69E420CD5737002B81A8 /* Journey */,
				37AA69E520CD57A4002B81A8 /* TrackingModel.xcdatamodeld */,
			);
			path = Models;
			sourceTree = "<group>";
		};
		37D6241820CAAA430083CA3D /* Frameworks */ = {
			isa = PBXGroup;
			children = (
				37D6241920CAAA440083CA3D /* MapKit.framework */,
			);
			name = Frameworks;
			sourceTree = "<group>";
		};
/* End PBXGroup section */

/* Begin PBXNativeTarget section */
		37D623EC20CA70820083CA3D /* TrackingApp */ = {
			isa = PBXNativeTarget;
			buildConfigurationList = 37D6240620CA70860083CA3D /* Build configuration list for PBXNativeTarget "TrackingApp" */;
			buildPhases = (
				37D623E920CA70820083CA3D /* Sources */,
				37D623EA20CA70820083CA3D /* Frameworks */,
				37D623EB20CA70820083CA3D /* Resources */,
			);
			buildRules = (
			);
			dependencies = (
			);
			name = TrackingApp;
			productName = TrackingApp;
			productReference = 37D623ED20CA70820083CA3D /* TrackingApp.app */;
			productType = "com.apple.product-type.application";
		};
/* End PBXNativeTarget section */

/* Begin PBXProject section */
		37D623E520CA70820083CA3D /* Project object */ = {
			isa = PBXProject;
			attributes = {
				LastUpgradeCheck = 0940;
				ORGANIZATIONNAME = "Grzegorz Górnisiewicz";
				TargetAttributes = {
					37D623EC20CA70820083CA3D = {
						CreatedOnToolsVersion = 9.4;
						SystemCapabilities = {
							com.apple.BackgroundModes = {
								enabled = 1;
							};
							com.apple.Maps.iOS = {
								enabled = 1;
							};
						};
					};
				};
			};
			buildConfigurationList = 37D623E820CA70820083CA3D /* Build configuration list for PBXProject "TrackingApp" */;
			compatibilityVersion = "Xcode 9.3";
			developmentRegion = en;
			hasScannedForEncodings = 0;
			knownRegions = (
				en,
				Base,
			);
			mainGroup = 37D623E420CA70820083CA3D;
			productRefGroup = 37D623EE20CA70820083CA3D /* Products */;
			projectDirPath = "";
			projectRoot = "";
			targets = (
				37D623EC20CA70820083CA3D /* TrackingApp */,
			);
		};
/* End PBXProject section */

/* Begin PBXResourcesBuildPhase section */
		37D623EB20CA70820083CA3D /* Resources */ = {
			isa = PBXResourcesBuildPhase;
			buildActionMask = 2147483647;
			files = (
				37D6240020CA70860083CA3D /* LaunchScreen.storyboard in Resources */,
				37D623FD20CA70860083CA3D /* Assets.xcassets in Resources */,
				37D623F820CA70830083CA3D /* Main.storyboard in Resources */,
			);
			runOnlyForDeploymentPostprocessing = 0;
		};
/* End PBXResourcesBuildPhase section */

/* Begin PBXSourcesBuildPhase section */
		37D623E920CA70820083CA3D /* Sources */ = {
			isa = PBXSourcesBuildPhase;
			buildActionMask = 2147483647;
			files = (
				37C8246F20CF0BF700842E2A /* Journey+CoreDataClass.m in Sources */,
				3700520320CCAC6E00B1FEFF /* JourneysTVC.m in Sources */,
				370051FE20CC6DB900B1FEFF /* LocationMonitoringService.m in Sources */,
				37CD582C20D03808005E3C11 /* JourneyViewCell.m in Sources */,
				37C8246920CF0B8300842E2A /* Location+CoreDataClass.m in Sources */,
				37D6240320CA70860083CA3D /* main.m in Sources */,
				37D623F220CA70820083CA3D /* AppDelegate.m in Sources */,
				37C8247020CF0BF700842E2A /* Journey+CoreDataProperties.m in Sources */,
				370051F420CB345300B1FEFF /* MapViewController.m in Sources */,
				37C8246A20CF0B8300842E2A /* Location+CoreDataProperties.m in Sources */,
				37AA6A2020CD6274002B81A8 /* DataManager.m in Sources */,
				37AA69E720CD57A4002B81A8 /* TrackingModel.xcdatamodeld in Sources */,
			);
			runOnlyForDeploymentPostprocessing = 0;
		};
/* End PBXSourcesBuildPhase section */

/* Begin PBXVariantGroup section */
		37D623F620CA70830083CA3D /* Main.storyboard */ = {
			isa = PBXVariantGroup;
			children = (
				37D623F720CA70830083CA3D /* Base */,
			);
			name = Main.storyboard;
			sourceTree = "<group>";
		};
		37D623FE20CA70860083CA3D /* LaunchScreen.storyboard */ = {
			isa = PBXVariantGroup;
			children = (
				37D623FF20CA70860083CA3D /* Base */,
			);
			name = LaunchScreen.storyboard;
			sourceTree = "<group>";
		};
/* End PBXVariantGroup section */

/* Begin XCBuildConfiguration section */
		37D6240420CA70860083CA3D /* Debug */ = {
			isa = XCBuildConfiguration;
			buildSettings = {
				ALWAYS_SEARCH_USER_PATHS = NO;
				CLANG_ANALYZER_NONNULL = YES;
				CLANG_ANALYZER_NUMBER_OBJECT_CONVERSION = YES_AGGRESSIVE;
				CLANG_CXX_LANGUAGE_STANDARD = "gnu++14";
				CLANG_CXX_LIBRARY = "libc++";
				CLANG_ENABLE_MODULES = YES;
				CLANG_ENABLE_OBJC_ARC = YES;
				CLANG_ENABLE_OBJC_WEAK = YES;
				CLANG_WARN_BLOCK_CAPTURE_AUTORELEASING = YES;
				CLANG_WARN_BOOL_CONVERSION = YES;
				CLANG_WARN_COMMA = YES;
				CLANG_WARN_CONSTANT_CONVERSION = YES;
				CLANG_WARN_DEPRECATED_OBJC_IMPLEMENTATIONS = YES;
				CLANG_WARN_DIRECT_OBJC_ISA_USAGE = YES_ERROR;
				CLANG_WARN_DOCUMENTATION_COMMENTS = YES;
				CLANG_WARN_EMPTY_BODY = YES;
				CLANG_WARN_ENUM_CONVERSION = YES;
				CLANG_WARN_INFINITE_RECURSION = YES;
				CLANG_WARN_INT_CONVERSION = YES;
				CLANG_WARN_NON_LITERAL_NULL_CONVERSION = YES;
				CLANG_WARN_OBJC_IMPLICIT_RETAIN_SELF = YES;
				CLANG_WARN_OBJC_LITERAL_CONVERSION = YES;
				CLANG_WARN_OBJC_ROOT_CLASS = YES_ERROR;
				CLANG_WARN_RANGE_LOOP_ANALYSIS = YES;
				CLANG_WARN_STRICT_PROTOTYPES = YES;
				CLANG_WARN_SUSPICIOUS_MOVE = YES;
				CLANG_WARN_UNGUARDED_AVAILABILITY = YES_AGGRESSIVE;
				CLANG_WARN_UNREACHABLE_CODE = YES;
				CLANG_WARN__DUPLICATE_METHOD_MATCH = YES;
				CODE_SIGN_IDENTITY = "iPhone Developer";
				COPY_PHASE_STRIP = NO;
				DEBUG_INFORMATION_FORMAT = dwarf;
				ENABLE_STRICT_OBJC_MSGSEND = YES;
				ENABLE_TESTABILITY = YES;
				GCC_C_LANGUAGE_STANDARD = gnu11;
				GCC_DYNAMIC_NO_PIC = NO;
				GCC_NO_COMMON_BLOCKS = YES;
				GCC_OPTIMIZATION_LEVEL = 0;
				GCC_PREPROCESSOR_DEFINITIONS = (
					"DEBUG=1",
					"$(inherited)",
				);
				GCC_WARN_64_TO_32_BIT_CONVERSION = YES;
				GCC_WARN_ABOUT_RETURN_TYPE = YES_ERROR;
				GCC_WARN_UNDECLARED_SELECTOR = YES;
				GCC_WARN_UNINITIALIZED_AUTOS = YES_AGGRESSIVE;
				GCC_WARN_UNUSED_FUNCTION = YES;
				GCC_WARN_UNUSED_VARIABLE = YES;
				IPHONEOS_DEPLOYMENT_TARGET = 11.4;
				MTL_ENABLE_DEBUG_INFO = YES;
				ONLY_ACTIVE_ARCH = YES;
				SDKROOT = iphoneos;
			};
			name = Debug;
		};
		37D6240520CA70860083CA3D /* Release */ = {
			isa = XCBuildConfiguration;
			buildSettings = {
				ALWAYS_SEARCH_USER_PATHS = NO;
				CLANG_ANALYZER_NONNULL = YES;
				CLANG_ANALYZER_NUMBER_OBJECT_CONVERSION = YES_AGGRESSIVE;
				CLANG_CXX_LANGUAGE_STANDARD = "gnu++14";
				CLANG_CXX_LIBRARY = "libc++";
				CLANG_ENABLE_MODULES = YES;
				CLANG_ENABLE_OBJC_ARC = YES;
				CLANG_ENABLE_OBJC_WEAK = YES;
				CLANG_WARN_BLOCK_CAPTURE_AUTORELEASING = YES;
				CLANG_WARN_BOOL_CONVERSION = YES;
				CLANG_WARN_COMMA = YES;
				CLANG_WARN_CONSTANT_CONVERSION = YES;
				CLANG_WARN_DEPRECATED_OBJC_IMPLEMENTATIONS = YES;
				CLANG_WARN_DIRECT_OBJC_ISA_USAGE = YES_ERROR;
				CLANG_WARN_DOCUMENTATION_COMMENTS = YES;
				CLANG_WARN_EMPTY_BODY = YES;
				CLANG_WARN_ENUM_CONVERSION = YES;
				CLANG_WARN_INFINITE_RECURSION = YES;
				CLANG_WARN_INT_CONVERSION = YES;
				CLANG_WARN_NON_LITERAL_NULL_CONVERSION = YES;
				CLANG_WARN_OBJC_IMPLICIT_RETAIN_SELF = YES;
				CLANG_WARN_OBJC_LITERAL_CONVERSION = YES;
				CLANG_WARN_OBJC_ROOT_CLASS = YES_ERROR;
				CLANG_WARN_RANGE_LOOP_ANALYSIS = YES;
				CLANG_WARN_STRICT_PROTOTYPES = YES;
				CLANG_WARN_SUSPICIOUS_MOVE = YES;
				CLANG_WARN_UNGUARDED_AVAILABILITY = YES_AGGRESSIVE;
				CLANG_WARN_UNREACHABLE_CODE = YES;
				CLANG_WARN__DUPLICATE_METHOD_MATCH = YES;
				CODE_SIGN_IDENTITY = "iPhone Developer";
				COPY_PHASE_STRIP = NO;
				DEBUG_INFORMATION_FORMAT = "dwarf-with-dsym";
				ENABLE_NS_ASSERTIONS = NO;
				ENABLE_STRICT_OBJC_MSGSEND = YES;
				GCC_C_LANGUAGE_STANDARD = gnu11;
				GCC_NO_COMMON_BLOCKS = YES;
				GCC_WARN_64_TO_32_BIT_CONVERSION = YES;
				GCC_WARN_ABOUT_RETURN_TYPE = YES_ERROR;
				GCC_WARN_UNDECLARED_SELECTOR = YES;
				GCC_WARN_UNINITIALIZED_AUTOS = YES_AGGRESSIVE;
				GCC_WARN_UNUSED_FUNCTION = YES;
				GCC_WARN_UNUSED_VARIABLE = YES;
				IPHONEOS_DEPLOYMENT_TARGET = 11.4;
				MTL_ENABLE_DEBUG_INFO = NO;
				SDKROOT = iphoneos;
				VALIDATE_PRODUCT = YES;
			};
			name = Release;
		};
		37D6240720CA70860083CA3D /* Debug */ = {
			isa = XCBuildConfiguration;
			buildSettings = {
				ASSETCATALOG_COMPILER_APPICON_NAME = AppIcon;
				CODE_SIGN_IDENTITY = "iPhone Developer";
				CODE_SIGN_STYLE = Automatic;
				DEVELOPMENT_TEAM = F3TEC588SR;
				INFOPLIST_FILE = TrackingApp/Info.plist;
				IPHONEOS_DEPLOYMENT_TARGET = 10.0;
				LD_RUNPATH_SEARCH_PATHS = (
					"$(inherited)",
					"@executable_path/Frameworks",
				);
				PRODUCT_BUNDLE_IDENTIFIER = track.user.app2;
				PRODUCT_NAME = "$(TARGET_NAME)";
				PROVISIONING_PROFILE_SPECIFIER = "";
				TARGETED_DEVICE_FAMILY = "1,2";
			};
			name = Debug;
		};
		37D6240820CA70860083CA3D /* Release */ = {
			isa = XCBuildConfiguration;
			buildSettings = {
				ASSETCATALOG_COMPILER_APPICON_NAME = AppIcon;
				CODE_SIGN_IDENTITY = "iPhone Developer";
				CODE_SIGN_STYLE = Automatic;
				DEVELOPMENT_TEAM = F3TEC588SR;
				INFOPLIST_FILE = TrackingApp/Info.plist;
				IPHONEOS_DEPLOYMENT_TARGET = 10.0;
				LD_RUNPATH_SEARCH_PATHS = (
					"$(inherited)",
					"@executable_path/Frameworks",
				);
				PRODUCT_BUNDLE_IDENTIFIER = track.user.app2;
				PRODUCT_NAME = "$(TARGET_NAME)";
				PROVISIONING_PROFILE_SPECIFIER = "";
				TARGETED_DEVICE_FAMILY = "1,2";
			};
			name = Release;
		};
/* End XCBuildConfiguration section */

/* Begin XCConfigurationList section */
		37D623E820CA70820083CA3D /* Build configuration list for PBXProject "TrackingApp" */ = {
			isa = XCConfigurationList;
			buildConfigurations = (
				37D6240420CA70860083CA3D /* Debug */,
				37D6240520CA70860083CA3D /* Release */,
			);
			defaultConfigurationIsVisible = 0;
			defaultConfigurationName = Release;
		};
		37D6240620CA70860083CA3D /* Build configuration list for PBXNativeTarget "TrackingApp" */ = {
			isa = XCConfigurationList;
			buildConfigurations = (
				37D6240720CA70860083CA3D /* Debug */,
				37D6240820CA70860083CA3D /* Release */,
			);
			defaultConfigurationIsVisible = 0;
			defaultConfigurationName = Release;
		};
/* End XCConfigurationList section */

/* Begin XCVersionGroup section */
		37AA69E520CD57A4002B81A8 /* TrackingModel.xcdatamodeld */ = {
			isa = XCVersionGroup;
			children = (
				37AA69E620CD57A4002B81A8 /* TrackingModel.xcdatamodel */,
			);
			currentVersion = 37AA69E620CD57A4002B81A8 /* TrackingModel.xcdatamodel */;
			path = TrackingModel.xcdatamodeld;
			sourceTree = "<group>";
			versionGroupType = wrapper.xcdatamodel;
		};
/* End XCVersionGroup section */
	};
	rootObject = 37D623E520CA70820083CA3D /* Project object */;
}
